
Microsoft Visual Studio Solution File, Format Version 12.00
# Visual Studio 15
VisualStudioVersion = 15.0.28010.2019
MinimumVisualStudioVersion = 10.0.40219.1
Project("{FAE04EC0-301F-11D3-BF4B-00C04F79EFBC}") = "DNP2-LINQ-Ass4", "DNP2-LINQ-Ass3\DNP2-LINQ-Ass4.csproj", "{BDC65B28-4507-4948-A52E-062079295D9B}"
EndProject
Global
	GlobalSection(SolutionConfigurationPlatforms) = preSolution
		Debug|Any CPU = Debug|Any CPU
		Release|Any CPU = Release|Any CPU
	EndGlobalSection
	GlobalSection(ProjectConfigurationPlatforms) = postSolution
		{BDC65B28-4507-4948-A52E-062079295D9B}.Debug|Any CPU.ActiveCfg = Debug|Any CPU
		{BDC65B28-4507-4948-A52E-062079295D9B}.Debug|Any CPU.Build.0 = Debug|Any CPU
		{BDC65B28-4507-4948-A52E-062079295D9B}.Release|Any CPU.ActiveCfg = Release|Any CPU
		{BDC65B28-4507-4948-A52E-062079295D9B}.Release|Any CPU.Build.0 = Release|Any CPU
	EndGlobalSection
	GlobalSection(SolutionProperties) = preSolution
		HideSolutionNode = FALSE
	EndGlobalSection
	GlobalSection(ExtensibilityGlobals) = postSolution
		SolutionGuid = {1EA8D475-B495-4FE3-8FDD-0E19D083946E}
	EndGlobalSection
EndGlobal
